version = 1
requires-python = ">=3.12, <3.14"

[[package]]
name = "cffi"
version = "2.0.0"
source = { registry = "https://pypi.org/simple" }
dependencies = [
    { name = "pycparser", marker = "implementation_name != 'PyPy'" },
]
sdist = { url = "https://files.pythonhosted.org/packages/eb/56/b1ba7935a17738ae8453301356628e8147c79dbb825bcbc73dc7401f9846/cffi-2.0.0.tar.gz", hash = "sha256:44d1b5909021139fe36001ae048dbdde8214afa20200eda0f64c068cac5d5529", size = 523588 }
wheels = [
    { url = "https://files.pythonhosted.org/packages/7b/2b/2b6435f76bfeb6bbf055596976da087377ede68df465419d192acf00c437/cffi-2.0.0-cp312-cp312-win32.whl", hash = "sha256:da902562c3e9c550df360bfa53c035b2f241fed6d9aef119048073680ace4a18", size = 172932 },
    { url = "https://files.pythonhosted.org/packages/f8/ed/13bd4418627013bec4ed6e54283b1959cf6db888048c7cf4b4c3b5b36002/cffi-2.0.0-cp312-cp312-win_amd64.whl", hash = "sha256:da68248800ad6320861f129cd9c1bf96ca849a2771a59e0344e88681905916f5", size = 183557 },
    { url = "https://files.pythonhosted.org/packages/95/31/9f7f93ad2f8eff1dbc1c3656d7ca5bfd8fb52c9d786b4dcf19b2d02217fa/cffi-2.0.0-cp312-cp312-win_arm64.whl", hash = "sha256:4671d9dd5ec934cb9a73e7ee9676f9362aba54f7f34910956b84d727b0d73fb6", size = 177762 },
    { url = "https://files.pythonhosted.org/packages/eb/6d/bf9bda840d5f1dfdbf0feca87fbdb64a918a69bca42cfa0ba7b137c48cb8/cffi-2.0.0-cp313-cp313-win32.whl", hash = "sha256:74a03b9698e198d47562765773b4a8309919089150a0bb17d829ad7b44b60d27", size = 172909 },
    { url = "https://files.pythonhosted.org/packages/37/18/6519e1ee6f5a1e579e04b9ddb6f1676c17368a7aba48299c3759bbc3c8b3/cffi-2.0.0-cp313-cp313-win_amd64.whl", hash = "sha256:19f705ada2530c1167abacb171925dd886168931e0a7b78f5bffcae5c6b5be75", size = 183402 },
    { url = "https://files.pythonhosted.org/packages/cb/0e/02ceeec9a7d6ee63bb596121c2c8e9b3a9e150936f4fbef6ca1943e6137c/cffi-2.0.0-cp313-cp313-win_arm64.whl", hash = "sha256:256f80b80ca3853f90c21b23ee78cd008713787b1b1e93eae9f3d6a7134abd91", size = 177780 },
]

[[package]]
name = "gevent"
version = "25.9.1"
source = { registry = "https://pypi.org/simple" }
dependencies = [
    { name = "cffi", marker = "platform_python_implementation == 'CPython' and sys_platform == 'win32'" },
    { name = "greenlet", marker = "platform_python_implementation == 'CPython'" },
    { name = "zope-event" },
    { name = "zope-interface" },
]
sdist = { url = "https://files.pythonhosted.org/packages/9e/48/b3ef2673ffb940f980966694e40d6d32560f3ffa284ecaeb5ea3a90a6d3f/gevent-25.9.1.tar.gz", hash = "sha256:adf9cd552de44a4e6754c51ff2e78d9193b7fa6eab123db9578a210e657235dd", size = 5059025 }
wheels = [
    { url = "https://files.pythonhosted.org/packages/f7/49/e55930ba5259629eb28ac7ee1abbca971996a9165f902f0249b561602f24/gevent-25.9.1-cp312-cp312-macosx_11_0_universal2.whl", hash = "sha256:46b188248c84ffdec18a686fcac5dbb32365d76912e14fda350db5dc0bfd4f86", size = 2955991 },
    { url = "https://files.pythonhosted.org/packages/aa/88/63dc9e903980e1da1e16541ec5c70f2b224ec0a8e34088cb42794f1c7f52/gevent-25.9.1-cp312-cp312-manylinux2014_aarch64.manylinux_2_17_aarch64.whl", hash = "sha256:f2b54ea3ca6f0c763281cd3f96010ac7e98c2e267feb1221b5a26e2ca0b9a692", size = 1808503 },
    { url = "https://files.pythonhosted.org/packages/7a/8d/7236c3a8f6ef7e94c22e658397009596fa90f24c7d19da11ad7ab3a9248e/gevent-25.9.1-cp312-cp312-manylinux2014_ppc64le.manylinux_2_17_ppc64le.whl", hash = "sha256:7a834804ac00ed8a92a69d3826342c677be651b1c3cd66cc35df8bc711057aa2", size = 1890001 },
    { url = "https://files.pythonhosted.org/packages/4f/63/0d7f38c4a2085ecce26b50492fc6161aa67250d381e26d6a7322c309b00f/gevent-25.9.1-cp312-cp312-manylinux2014_s390x.manylinux_2_17_s390x.whl", hash = "sha256:323a27192ec4da6b22a9e51c3d9d896ff20bc53fdc9e45e56eaab76d1c39dd74", size = 1855335 },
    { url = "https://files.pythonhosted.org/packages/95/18/da5211dfc54c7a57e7432fd9a6ffeae1ce36fe5a313fa782b1c96529ea3d/gevent-25.9.1-cp312-cp312-manylinux2014_x86_64.manylinux_2_17_x86_64.whl", hash = "sha256:6ea78b39a2c51d47ff0f130f4c755a9a4bbb2dd9721149420ad4712743911a51", size = 2109046 },
    { url = "https://files.pythonhosted.org/packages/a6/5a/7bb5ec8e43a2c6444853c4a9f955f3e72f479d7c24ea86c95fb264a2de65/gevent-25.9.1-cp312-cp312-musllinux_1_2_aarch64.whl", hash = "sha256:dc45cd3e1cc07514a419960af932a62eb8515552ed004e56755e4bf20bad30c5", size = 1827099 },
    { url = "https://files.pythonhosted.org/packages/ca/d4/b63a0a60635470d7d986ef19897e893c15326dd69e8fb342c76a4f07fe9e/gevent-25.9.1-cp312-cp312-musllinux_1_2_x86_64.whl", hash = "sha256:34e01e50c71eaf67e92c186ee0196a039d6e4f4b35670396baed4a2d8f1b347f", size = 2172623 },
    { url = "https://files.pythonhosted.org/packages/d5/98/caf06d5d22a7c129c1fb2fc1477306902a2c8ddfd399cd26bbbd4caf2141/gevent-25.9.1-cp312-cp312-win_amd64.whl", hash = "sha256:4acd6bcd5feabf22c7c5174bd3b9535ee9f088d2bbce789f740ad8d6554b18f3", size = 1682837 },
    { url = "https://files.pythonhosted.org/packages/5a/77/b97f086388f87f8ad3e01364f845004aef0123d4430241c7c9b1f9bde742/gevent-25.9.1-cp313-cp313-macosx_11_0_universal2.whl", hash = "sha256:4f84591d13845ee31c13f44bdf6bd6c3dbf385b5af98b2f25ec328213775f2ed", size = 2973739 },
    { url = "https://files.pythonhosted.org/packages/3c/2e/9d5f204ead343e5b27bbb2fedaec7cd0009d50696b2266f590ae845d0331/gevent-25.9.1-cp313-cp313-manylinux2014_aarch64.manylinux_2_17_aarch64.whl", hash = "sha256:9cdbb24c276a2d0110ad5c978e49daf620b153719ac8a548ce1250a7eb1b9245", size = 1809165 },
    { url = "https://files.pythonhosted.org/packages/10/3e/791d1bf1eb47748606d5f2c2aa66571f474d63e0176228b1f1fd7b77ab37/gevent-25.9.1-cp313-cp313-manylinux2014_ppc64le.manylinux_2_17_ppc64le.whl", hash = "sha256:88b6c07169468af631dcf0fdd3658f9246d6822cc51461d43f7c44f28b0abb82", size = 1890638 },
    { url = "https://files.pythonhosted.org/packages/f2/5c/9ad0229b2b4d81249ca41e4f91dd8057deaa0da6d4fbe40bf13cdc5f7a47/gevent-25.9.1-cp313-cp313-manylinux2014_s390x.manylinux_2_17_s390x.whl", hash = "sha256:b7bb0e29a7b3e6ca9bed2394aa820244069982c36dc30b70eb1004dd67851a48", size = 1857118 },
    { url = "https://files.pythonhosted.org/packages/49/2a/3010ed6c44179a3a5c5c152e6de43a30ff8bc2c8de3115ad8733533a018f/gevent-25.9.1-cp313-cp313-manylinux2014_x86_64.manylinux_2_17_x86_64.whl", hash = "sha256:2951bb070c0ee37b632ac9134e4fdaad70d2e660c931bb792983a0837fe5b7d7", size = 2111598 },
    { url = "https://files.pythonhosted.org/packages/08/75/6bbe57c19a7aa4527cc0f9afcdf5a5f2aed2603b08aadbccb5bf7f607ff4/gevent-25.9.1-cp313-cp313-musllinux_1_2_aarch64.whl", hash = "sha256:e4e17c2d57e9a42e25f2a73d297b22b60b2470a74be5a515b36c984e1a246d47", size = 1829059 },
    { url = "https://files.pythonhosted.org/packages/06/6e/19a9bee9092be45679cb69e4dd2e0bf5f897b7140b4b39c57cc123d24829/gevent-25.9.1-cp313-cp313-musllinux_1_2_x86_64.whl", hash = "sha256:8d94936f8f8b23d9de2251798fcb603b84f083fdf0d7f427183c1828fb64f117", size = 2173529 },
    { url = "https://files.pythonhosted.org/packages/ca/4f/50de9afd879440e25737e63f5ba6ee764b75a3abe17376496ab57f432546/gevent-25.9.1-cp313-cp313-win_amd64.whl", hash = "sha256:eb51c5f9537b07da673258b4832f6635014fee31690c3f0944d34741b69f92fa", size = 1681518 },
]

[[package]]
name = "greenlet"
version = "3.2.4"
source = { registry = "https://pypi.org/simple" }
sdist = { url = "https://files.pythonhosted.org/packages/03/b8/704d753a5a45507a7aab61f18db9509302ed3d0a27ac7e0359ec2905b1a6/greenlet-3.2.4.tar.gz", hash = "sha256:0dca0d95ff849f9a364385f36ab49f50065d76964944638be9691e1832e9f86d", size = 188260 }
wheels = [
    { url = "https://files.pythonhosted.org/packages/44/69/9b804adb5fd0671f367781560eb5eb586c4d495277c93bde4307b9e28068/greenlet-3.2.4-cp312-cp312-macosx_11_0_universal2.whl", hash = "sha256:3b67ca49f54cede0186854a008109d6ee71f66bd57bb36abd6d0a0267b540cdd", size = 274079 },
    { url = "https://files.pythonhosted.org/packages/46/e9/d2a80c99f19a153eff70bc451ab78615583b8dac0754cfb942223d2c1a0d/greenlet-3.2.4-cp312-cp312-manylinux2014_aarch64.manylinux_2_17_aarch64.whl", hash = "sha256:ddf9164e7a5b08e9d22511526865780a576f19ddd00d62f8a665949327fde8bb", size = 640997 },
    { url = "https://files.pythonhosted.org/packages/3b/16/035dcfcc48715ccd345f3a93183267167cdd162ad123cd93067d86f27ce4/greenlet-3.2.4-cp312-cp312-manylinux2014_ppc64le.manylinux_2_17_ppc64le.whl", hash = "sha256:f28588772bb5fb869a8eb331374ec06f24a83a9c25bfa1f38b6993afe9c1e968", size = 655185 },
    { url = "https://files.pythonhosted.org/packages/31/da/0386695eef69ffae1ad726881571dfe28b41970173947e7c558d9998de0f/greenlet-3.2.4-cp312-cp312-manylinux2014_s390x.manylinux_2_17_s390x.whl", hash = "sha256:5c9320971821a7cb77cfab8d956fa8e39cd07ca44b6070db358ceb7f8797c8c9", size = 649926 },
    { url = "https://files.pythonhosted.org/packages/68/88/69bf19fd4dc19981928ceacbc5fd4bb6bc2215d53199e367832e98d1d8fe/greenlet-3.2.4-cp312-cp312-manylinux2014_x86_64.manylinux_2_17_x86_64.whl", hash = "sha256:c60a6d84229b271d44b70fb6e5fa23781abb5d742af7b808ae3f6efd7c9c60f6", size = 651839 },
    { url = "https://files.pythonhosted.org/packages/19/0d/6660d55f7373b2ff8152401a83e02084956da23ae58cddbfb0b330978fe9/greenlet-3.2.4-cp312-cp312-manylinux_2_24_x86_64.manylinux_2_28_x86_64.whl", hash = "sha256:3b3812d8d0c9579967815af437d96623f45c0f2ae5f04e366de62a12d83a8fb0", size = 607586 },
    { url = "https://files.pythonhosted.org/packages/8e/1a/c953fdedd22d81ee4629afbb38d2f9d71e37d23caace44775a3a969147d4/greenlet-3.2.4-cp312-cp312-musllinux_1_1_aarch64.whl", hash = "sha256:abbf57b5a870d30c4675928c37278493044d7c14378350b3aa5d484fa65575f0", size = 1123281 },
    { url = "https://files.pythonhosted.org/packages/3f/c7/12381b18e21aef2c6bd3a636da1088b888b97b7a0362fac2e4de92405f97/greenlet-3.2.4-cp312-cp312-musllinux_1_1_x86_64.whl", hash = "sha256:20fb936b4652b6e307b8f347665e2c615540d4b42b3b4c8a321d8286da7e520f", size = 1151142 },
    { url = "https://files.pythonhosted.org/packages/27/45/80935968b53cfd3f33cf99ea5f08227f2646e044568c9b1555b58ffd61c2/greenlet-3.2.4-cp312-cp312-musllinux_1_2_aarch64.whl", hash = "sha256:ee7a6ec486883397d70eec05059353b8e83eca9168b9f3f9a361971e77e0bcd0", size = 1564846 },
    { url = "https://files.pythonhosted.org/packages/69/02/b7c30e5e04752cb4db6202a3858b149c0710e5453b71a3b2aec5d78a1aab/greenlet-3.2.4-cp312-cp312-musllinux_1_2_x86_64.whl", hash = "sha256:326d234cbf337c9c3def0676412eb7040a35a768efc92504b947b3e9cfc7543d", size = 1633814 },
    { url = "https://files.pythonhosted.org/packages/e9/08/b0814846b79399e585f974bbeebf5580fbe59e258ea7be64d9dfb253c84f/greenlet-3.2.4-cp312-cp312-win_amd64.whl", hash = "sha256:a7d4e128405eea3814a12cc2605e0e6aedb4035bf32697f72deca74de4105e02", size = 299899 },
    { url = "https://files.pythonhosted.org/packages/49/e8/58c7f85958bda41dafea50497cbd59738c5c43dbbea5ee83d651234398f4/greenlet-3.2.4-cp313-cp313-macosx_11_0_universal2.whl", hash = "sha256:1a921e542453fe531144e91e1feedf12e07351b1cf6c9e8a3325ea600a715a31", size = 272814 },
    { url = "https://files.pythonhosted.org/packages/62/dd/b9f59862e9e257a16e4e610480cfffd29e3fae018a68c2332090b53aac3d/greenlet-3.2.4-cp313-cp313-manylinux2014_aarch64.manylinux_2_17_aarch64.whl", hash = "sha256:cd3c8e693bff0fff6ba55f140bf390fa92c994083f838fece0f63be121334945", size = 641073 },
    { url = "https://files.pythonhosted.org/packages/f7/0b/bc13f787394920b23073ca3b6c4a7a21396301ed75a655bcb47196b50e6e/greenlet-3.2.4-cp313-cp313-manylinux2014_ppc64le.manylinux_2_17_ppc64le.whl", hash = "sha256:710638eb93b1fa52823aa91bf75326f9ecdfd5e0466f00789246a5280f4ba0fc", size = 655191 },
    { url = "https://files.pythonhosted.org/packages/f2/d6/6adde57d1345a8d0f14d31e4ab9c23cfe8e2cd39c3baf7674b4b0338d266/greenlet-3.2.4-cp313-cp313-manylinux2014_s390x.manylinux_2_17_s390x.whl", hash = "sha256:c5111ccdc9c88f423426df3fd1811bfc40ed66264d35aa373420a34377efc98a", size = 649516 },
    { url = "https://files.pythonhosted.org/packages/7f/3b/3a3328a788d4a473889a2d403199932be55b1b0060f4ddd96ee7cdfcad10/greenlet-3.2.4-cp313-cp313-manylinux2014_x86_64.manylinux_2_17_x86_64.whl", hash = "sha256:d76383238584e9711e20ebe14db6c88ddcedc1829a9ad31a584389463b5aa504", size = 652169 },
    { url = "https://files.pythonhosted.org/packages/ee/43/3cecdc0349359e1a527cbf2e3e28e5f8f06d3343aaf82ca13437a9aa290f/greenlet-3.2.4-cp313-cp313-manylinux_2_24_x86_64.manylinux_2_28_x86_64.whl", hash = "sha256:23768528f2911bcd7e475210822ffb5254ed10d71f4028387e5a99b4c6699671", size = 610497 },
    { url = "https://files.pythonhosted.org/packages/b8/19/06b6cf5d604e2c382a6f31cafafd6f33d5dea706f4db7bdab184bad2b21d/greenlet-3.2.4-cp313-cp313-musllinux_1_1_aarch64.whl", hash = "sha256:00fadb3fedccc447f517ee0d3fd8fe49eae949e1cd0f6a611818f4f6fb7dc83b", size = 1121662 },
    { url = "https://files.pythonhosted.org/packages/a2/15/0d5e4e1a66fab130d98168fe984c509249c833c1a3c16806b90f253ce7b9/greenlet-3.2.4-cp313-cp313-musllinux_1_1_x86_64.whl", hash = "sha256:d25c5091190f2dc0eaa3f950252122edbbadbb682aa7b1ef2f8af0f8c0afefae", size = 1149210 },
    { url = "https://files.pythonhosted.org/packages/1c/53/f9c440463b3057485b8594d7a638bed53ba531165ef0ca0e6c364b5cc807/greenlet-3.2.4-cp313-cp313-musllinux_1_2_aarch64.whl", hash = "sha256:6e343822feb58ac4d0a1211bd9399de2b3a04963ddeec21530fc426cc121f19b", size = 1564759 },
    { url = "https://files.pythonhosted.org/packages/47/e4/3bb4240abdd0a8d23f4f88adec746a3099f0d86bfedb623f063b2e3b4df0/greenlet-3.2.4-cp313-cp313-musllinux_1_2_x86_64.whl", hash = "sha256:ca7f6f1f2649b89ce02f6f229d7c19f680a6238af656f61e0115b24857917929", size = 1634288 },
    { url = "https://files.pythonhosted.org/packages/0b/55/2321e43595e6801e105fcfdee02b34c0f996eb71e6ddffca6b10b7e1d771/greenlet-3.2.4-cp313-cp313-win_amd64.whl", hash = "sha256:554b03b6e73aaabec3745364d6239e9e012d64c68ccd0b8430c64ccc14939a8b", size = 299685 },
]

[[package]]
name = "pycparser"
version = "2.23"
source = { registry = "https://pypi.org/simple" }
sdist = { url = "https://files.pythonhosted.org/packages/fe/cf/d2d3b9f5699fb1e4615c8e32ff220203e43b248e1dfcc6736ad9057731ca/pycparser-2.23.tar.gz", hash = "sha256:78816d4f24add8f10a06d6f05b4d424ad9e96cfebf68a4ddc99c65c0720d00c2", size = 173734 }
wheels = [
    { url = "https://files.pythonhosted.org/packages/a0/e3/59cd50310fc9b59512193629e1984c1f95e5c8ae6e5d8c69532ccc65a7fe/pycparser-2.23-py3-none-any.whl", hash = "sha256:e5c6e8d3fbad53479cab09ac03729e0a9faf2bee3db8208a550daf5af81a5934", size = 118140 },
]

[[package]]
name = "server-chat"
version = "0.1.0"
source = { virtual = "." }
dependencies = [
    { name = "websocket" },
    { name = "websocket-client" },
    { name = "websockets" },
]

[package.metadata]
requires-dist = [
    { name = "websocket", specifier = ">=0.2.1,<15.0.2" },
    { name = "websocket-client", specifier = ">=1.9.0" },
    { name = "websockets", specifier = ">=15.0.1" },
]

[[package]]
name = "websocket"
version = "0.2.1"
source = { registry = "https://pypi.org/simple" }
dependencies = [
    { name = "gevent" },
    { name = "greenlet" },
]
sdist = { url = "https://files.pythonhosted.org/packages/f2/6d/a60d620ea575c885510c574909d2e3ed62129b121fa2df00ca1c81024c87/websocket-0.2.1.tar.gz", hash = "sha256:42b506fae914ac5ed654e23ba9742e6a342b1a1c3eb92632b6166c65256469a4", size = 195339 }

[[package]]
name = "websocket-client"
version = "1.9.0"
source = { registry = "https://pypi.org/simple" }
sdist = { url = "https://files.pythonhosted.org/packages/2c/41/aa4bf9664e4cda14c3b39865b12251e8e7d239f4cd0e3cc1b6c2ccde25c1/websocket_client-1.9.0.tar.gz", hash = "sha256:9e813624b6eb619999a97dc7958469217c3176312b3a16a4bd1bc7e08a46ec98", size = 70576 }
wheels = [
    { url = "https://files.pythonhosted.org/packages/34/db/b10e48aa8fff7407e67470363eac595018441cf32d5e1001567a7aeba5d2/websocket_client-1.9.0-py3-none-any.whl", hash = "sha256:af248a825037ef591efbf6ed20cc5faa03d3b47b9e5a2230a529eeee1c1fc3ef", size = 82616 },
]

[[package]]
name = "websockets"
version = "15.0.1"
source = { registry = "https://pypi.org/simple" }
sdist = { url = "https://files.pythonhosted.org/packages/21/e6/26d09fab466b7ca9c7737474c52be4f76a40301b08362eb2dbc19dcc16c1/websockets-15.0.1.tar.gz", hash = "sha256:82544de02076bafba038ce055ee6412d68da13ab47f0c60cab827346de828dee", size = 177016 }
wheels = [
    { url = "https://files.pythonhosted.org/packages/51/6b/4545a0d843594f5d0771e86463606a3988b5a09ca5123136f8a76580dd63/websockets-15.0.1-cp312-cp312-macosx_10_13_universal2.whl", hash = "sha256:3e90baa811a5d73f3ca0bcbf32064d663ed81318ab225ee4f427ad4e26e5aff3", size = 175437 },
    { url = "https://files.pythonhosted.org/packages/f4/71/809a0f5f6a06522af902e0f2ea2757f71ead94610010cf570ab5c98e99ed/websockets-15.0.1-cp312-cp312-macosx_10_13_x86_64.whl", hash = "sha256:592f1a9fe869c778694f0aa806ba0374e97648ab57936f092fd9d87f8bc03665", size = 173096 },
    { url = "https://files.pythonhosted.org/packages/3d/69/1a681dd6f02180916f116894181eab8b2e25b31e484c5d0eae637ec01f7c/websockets-15.0.1-cp312-cp312-macosx_11_0_arm64.whl", hash = "sha256:0701bc3cfcb9164d04a14b149fd74be7347a530ad3bbf15ab2c678a2cd3dd9a2", size = 173332 },
    { url = "https://files.pythonhosted.org/packages/a6/02/0073b3952f5bce97eafbb35757f8d0d54812b6174ed8dd952aa08429bcc3/websockets-15.0.1-cp312-cp312-manylinux_2_17_aarch64.manylinux2014_aarch64.whl", hash = "sha256:e8b56bdcdb4505c8078cb6c7157d9811a85790f2f2b3632c7d1462ab5783d215", size = 183152 },
    { url = "https://files.pythonhosted.org/packages/74/45/c205c8480eafd114b428284840da0b1be9ffd0e4f87338dc95dc6ff961a1/websockets-15.0.1-cp312-cp312-manylinux_2_5_i686.manylinux1_i686.manylinux_2_17_i686.manylinux2014_i686.whl", hash = "sha256:0af68c55afbd5f07986df82831c7bff04846928ea8d1fd7f30052638788bc9b5", size = 182096 },
    { url = "https://files.pythonhosted.org/packages/14/8f/aa61f528fba38578ec553c145857a181384c72b98156f858ca5c8e82d9d3/websockets-15.0.1-cp312-cp312-manylinux_2_5_x86_64.manylinux1_x86_64.manylinux_2_17_x86_64.manylinux2014_x86_64.whl", hash = "sha256:64dee438fed052b52e4f98f76c5790513235efaa1ef7f3f2192c392cd7c91b65", size = 182523 },
    { url = "https://files.pythonhosted.org/packages/ec/6d/0267396610add5bc0d0d3e77f546d4cd287200804fe02323797de77dbce9/websockets-15.0.1-cp312-cp312-musllinux_1_2_aarch64.whl", hash = "sha256:d5f6b181bb38171a8ad1d6aa58a67a6aa9d4b38d0f8c5f496b9e42561dfc62fe", size = 182790 },
    { url = "https://files.pythonhosted.org/packages/02/05/c68c5adbf679cf610ae2f74a9b871ae84564462955d991178f95a1ddb7dd/websockets-15.0.1-cp312-cp312-musllinux_1_2_i686.whl", hash = "sha256:5d54b09eba2bada6011aea5375542a157637b91029687eb4fdb2dab11059c1b4", size = 182165 },
    { url = "https://files.pythonhosted.org/packages/29/93/bb672df7b2f5faac89761cb5fa34f5cec45a4026c383a4b5761c6cea5c16/websockets-15.0.1-cp312-cp312-musllinux_1_2_x86_64.whl", hash = "sha256:3be571a8b5afed347da347bfcf27ba12b069d9d7f42cb8c7028b5e98bbb12597", size = 182160 },
    { url = "https://files.pythonhosted.org/packages/ff/83/de1f7709376dc3ca9b7eeb4b9a07b4526b14876b6d372a4dc62312bebee0/websockets-15.0.1-cp312-cp312-win32.whl", hash = "sha256:c338ffa0520bdb12fbc527265235639fb76e7bc7faafbb93f6ba80d9c06578a9", size = 176395 },
    { url = "https://files.pythonhosted.org/packages/7d/71/abf2ebc3bbfa40f391ce1428c7168fb20582d0ff57019b69ea20fa698043/websockets-15.0.1-cp312-cp312-win_amd64.whl", hash = "sha256:fcd5cf9e305d7b8338754470cf69cf81f420459dbae8a3b40cee57417f4614a7", size = 176841 },
    { url = "https://files.pythonhosted.org/packages/cb/9f/51f0cf64471a9d2b4d0fc6c534f323b664e7095640c34562f5182e5a7195/websockets-15.0.1-cp313-cp313-macosx_10_13_universal2.whl", hash = "sha256:ee443ef070bb3b6ed74514f5efaa37a252af57c90eb33b956d35c8e9c10a1931", size = 175440 },
    { url = "https://files.pythonhosted.org/packages/8a/05/aa116ec9943c718905997412c5989f7ed671bc0188ee2ba89520e8765d7b/websockets-15.0.1-cp313-cp313-macosx_10_13_x86_64.whl", hash = "sha256:5a939de6b7b4e18ca683218320fc67ea886038265fd1ed30173f5ce3f8e85675", size = 173098 },
    { url = "https://files.pythonhosted.org/packages/ff/0b/33cef55ff24f2d92924923c99926dcce78e7bd922d649467f0eda8368923/websockets-15.0.1-cp313-cp313-macosx_11_0_arm64.whl", hash = "sha256:746ee8dba912cd6fc889a8147168991d50ed70447bf18bcda7039f7d2e3d9151", size = 173329 },
    { url = "https://files.pythonhosted.org/packages/31/1d/063b25dcc01faa8fada1469bdf769de3768b7044eac9d41f734fd7b6ad6d/websockets-15.0.1-cp313-cp313-manylinux_2_17_aarch64.manylinux2014_aarch64.whl", hash = "sha256:595b6c3969023ecf9041b2936ac3827e4623bfa3ccf007575f04c5a6aa318c22", size = 183111 },
    { url = "https://files.pythonhosted.org/packages/93/53/9a87ee494a51bf63e4ec9241c1ccc4f7c2f45fff85d5bde2ff74fcb68b9e/websockets-15.0.1-cp313-cp313-manylinux_2_5_i686.manylinux1_i686.manylinux_2_17_i686.manylinux2014_i686.whl", hash = "sha256:3c714d2fc58b5ca3e285461a4cc0c9a66bd0e24c5da9911e30158286c9b5be7f", size = 182054 },
    { url = "https://files.pythonhosted.org/packages/ff/b2/83a6ddf56cdcbad4e3d841fcc55d6ba7d19aeb89c50f24dd7e859ec0805f/websockets-15.0.1-cp313-cp313-manylinux_2_5_x86_64.manylinux1_x86_64.manylinux_2_17_x86_64.manylinux2014_x86_64.whl", hash = "sha256:0f3c1e2ab208db911594ae5b4f79addeb3501604a165019dd221c0bdcabe4db8", size = 182496 },
    { url = "https://files.pythonhosted.org/packages/98/41/e7038944ed0abf34c45aa4635ba28136f06052e08fc2168520bb8b25149f/websockets-15.0.1-cp313-cp313-musllinux_1_2_aarch64.whl", hash = "sha256:229cf1d3ca6c1804400b0a9790dc66528e08a6a1feec0d5040e8b9eb14422375", size = 182829 },
    { url = "https://files.pythonhosted.org/packages/e0/17/de15b6158680c7623c6ef0db361da965ab25d813ae54fcfeae2e5b9ef910/websockets-15.0.1-cp313-cp313-musllinux_1_2_i686.whl", hash = "sha256:756c56e867a90fb00177d530dca4b097dd753cde348448a1012ed6c5131f8b7d", size = 182217 },
    { url = "https://files.pythonhosted.org/packages/33/2b/1f168cb6041853eef0362fb9554c3824367c5560cbdaad89ac40f8c2edfc/websockets-15.0.1-cp313-cp313-musllinux_1_2_x86_64.whl", hash = "sha256:558d023b3df0bffe50a04e710bc87742de35060580a293c2a984299ed83bc4e4", size = 182195 },
    { url = "https://files.pythonhosted.org/packages/86/eb/20b6cdf273913d0ad05a6a14aed4b9a85591c18a987a3d47f20fa13dcc47/websockets-15.0.1-cp313-cp313-win32.whl", hash = "sha256:ba9e56e8ceeeedb2e080147ba85ffcd5cd0711b89576b83784d8605a7df455fa", size = 176393 },
    { url = "https://files.pythonhosted.org/packages/1b/6c/c65773d6cab416a64d191d6ee8a8b1c68a09970ea6909d16965d26bfed1e/websockets-15.0.1-cp313-cp313-win_amd64.whl", hash = "sha256:e09473f095a819042ecb2ab9465aee615bd9c2028e4ef7d933600a8401c79561", size = 176837 },
    { url = "https://files.pythonhosted.org/packages/fa/a8/5b41e0da817d64113292ab1f8247140aac61cbf6cfd085d6a0fa77f4984f/websockets-15.0.1-py3-none-any.whl", hash = "sha256:f7a866fbc1e97b5c617ee4116daaa09b722101d4a3c170c787450ba409f9736f", size = 169743 },
]

[[package]]
name = "zope-event"
version = "6.1"
source = { registry = "https://pypi.org/simple" }
sdist = { url = "https://files.pythonhosted.org/packages/46/33/d3eeac228fc14de76615612ee208be2d8a5b5b0fada36bf9b62d6b40600c/zope_event-6.1.tar.gz", hash = "sha256:6052a3e0cb8565d3d4ef1a3a7809336ac519bc4fe38398cb8d466db09adef4f0", size = 18739 }
wheels = [
    { url = "https://files.pythonhosted.org/packages/c2/b0/956902e5e1302f8c5d124e219c6bf214e2649f92ad5fce85b05c039a04c9/zope_event-6.1-py3-none-any.whl", hash = "sha256:0ca78b6391b694272b23ec1335c0294cc471065ed10f7f606858fc54566c25a0", size = 6414 },
]

[[package]]
name = "zope-interface"
version = "8.1.1"
source = { registry = "https://pypi.org/simple" }
sdist = { url = "https://files.pythonhosted.org/packages/71/c9/5ec8679a04d37c797d343f650c51ad67d178f0001c363e44b6ac5f97a9da/zope_interface-8.1.1.tar.gz", hash = "sha256:51b10e6e8e238d719636a401f44f1e366146912407b58453936b781a19be19ec", size = 254748 }
wheels = [
    { url = "https://files.pythonhosted.org/packages/08/3d/f5b8dd2512f33bfab4faba71f66f6873603d625212206dd36f12403ae4ca/zope_interface-8.1.1-cp312-cp312-macosx_10_9_x86_64.whl", hash = "sha256:a16715808408db7252b8c1597ed9008bdad7bf378ed48eb9b0595fad4170e49d", size = 208660 },
    { url = "https://files.pythonhosted.org/packages/e5/41/c331adea9b11e05ff9ac4eb7d3032b24c36a3654ae9f2bf4ef2997048211/zope_interface-8.1.1-cp312-cp312-macosx_11_0_arm64.whl", hash = "sha256:ce6b58752acc3352c4aa0b55bbeae2a941d61537e6afdad2467a624219025aae", size = 208851 },
    { url = "https://files.pythonhosted.org/packages/25/00/7a8019c3bb8b119c5f50f0a4869183a4b699ca004a7f87ce98382e6b364c/zope_interface-8.1.1-cp312-cp312-manylinux1_i686.manylinux2014_i686.manylinux_2_17_i686.manylinux_2_5_i686.whl", hash = "sha256:807778883d07177713136479de7fd566f9056a13aef63b686f0ab4807c6be259", size = 259292 },
    { url = "https://files.pythonhosted.org/packages/1a/fc/b70e963bf89345edffdd5d16b61e789fdc09365972b603e13785360fea6f/zope_interface-8.1.1-cp312-cp312-manylinux1_x86_64.manylinux2014_x86_64.manylinux_2_17_x86_64.manylinux_2_5_x86_64.whl", hash = "sha256:50e5eb3b504a7d63dc25211b9298071d5b10a3eb754d6bf2f8ef06cb49f807ab", size = 264741 },
    { url = "https://files.pythonhosted.org/packages/96/fe/7d0b5c0692b283901b34847f2b2f50d805bfff4b31de4021ac9dfb516d2a/zope_interface-8.1.1-cp312-cp312-manylinux2014_aarch64.manylinux_2_17_aarch64.whl", hash = "sha256:eee6f93b2512ec9466cf30c37548fd3ed7bc4436ab29cd5943d7a0b561f14f0f", size = 264281 },
    { url = "https://files.pythonhosted.org/packages/2b/2c/a7cebede1cf2757be158bcb151fe533fa951038cfc5007c7597f9f86804b/zope_interface-8.1.1-cp312-cp312-win_amd64.whl", hash = "sha256:80edee6116d569883c58ff8efcecac3b737733d646802036dc337aa839a5f06b", size = 212327 },
    { url = "https://files.pythonhosted.org/packages/85/81/3c3b5386ce4fba4612fd82ffb8a90d76bcfea33ca2b6399f21e94d38484f/zope_interface-8.1.1-cp313-cp313-macosx_10_9_x86_64.whl", hash = "sha256:84f9be6d959640de9da5d14ac1f6a89148b16da766e88db37ed17e936160b0b1", size = 209046 },
    { url = "https://files.pythonhosted.org/packages/4a/e3/32b7cb950c4c4326b3760a8e28e5d6f70ad15f852bfd8f9364b58634f74b/zope_interface-8.1.1-cp313-cp313-macosx_11_0_arm64.whl", hash = "sha256:531fba91dcb97538f70cf4642a19d6574269460274e3f6004bba6fe684449c51", size = 209104 },
    { url = "https://files.pythonhosted.org/packages/a3/3d/c4c68e1752a5f5effa2c1f5eaa4fea4399433c9b058fb7000a34bfb1c447/zope_interface-8.1.1-cp313-cp313-manylinux1_i686.manylinux2014_i686.manylinux_2_17_i686.manylinux_2_5_i686.whl", hash = "sha256:fc65f5633d5a9583ee8d88d1f5de6b46cd42c62e47757cfe86be36fb7c8c4c9b", size = 259277 },
    { url = "https://files.pythonhosted.org/packages/fd/5b/cf4437b174af7591ee29bbad728f620cab5f47bd6e9c02f87d59f31a0dda/zope_interface-8.1.1-cp313-cp313-manylinux1_x86_64.manylinux2014_x86_64.manylinux_2_17_x86_64.manylinux_2_5_x86_64.whl", hash = "sha256:efef80ddec4d7d99618ef71bc93b88859248075ca2e1ae1c78636654d3d55533", size = 264742 },
    { url = "https://files.pythonhosted.org/packages/0b/0e/0cf77356862852d3d3e62db9aadae5419a1a7d89bf963b219745283ab5ca/zope_interface-8.1.1-cp313-cp313-manylinux2014_aarch64.manylinux_2_17_aarch64.whl", hash = "sha256:49aad83525eca3b4747ef51117d302e891f0042b06f32aa1c7023c62642f962b", size = 264252 },
    { url = "https://files.pythonhosted.org/packages/8a/10/2af54aa88b2fa172d12364116cc40d325fedbb1877c3bb031b0da6052855/zope_interface-8.1.1-cp313-cp313-win_amd64.whl", hash = "sha256:71cf329a21f98cb2bd9077340a589e316ac8a415cac900575a32544b3dffcb98", size = 212330 },
]
